{
  "name": "test-install",
  "version": "1.0.0",
  "lockfileVersion": 3,
  "requires": true,
  "packages": {
    "": {
      "name": "test-install",
      "version": "1.0.0",
      "license": "ISC",
      "dependencies": {
        "supapup": "file:.."
      }
    },
    "..": {
      "version": "0.1.7",
      "hasInstallScript": true,
      "license": "MIT",
      "dependencies": {
        "@modelcontextprotocol/sdk": "^1.0.0",
        "jsdom": "^26.1.0",
        "puppeteer": "^24.0.0",
        "puppeteer-extra": "^3.3.6",
        "puppeteer-extra-plugin-stealth": "^2.11.2"
      },
      "bin": {
        "supapup": "dist/index.js",
        "supapup-cli": "dist/cli.js"
      },
      "devDependencies": {
        "@types/jsdom": "^21.1.7",
        "@types/node": "^20.0.0",
        "@types/ws": "^8.18.1",
        "http-server": "^14.1.1",
        "tsx": "^4.0.0",
        "typescript": "^5.0.0"
      },
      "engines": {
        "node": ">=18.0.0"
      }
    },
    "node_modules/supapup": {
      "resolved": "..",
      "link": true
    }
  }
}
